
Microsoft Visual Studio Solution File, Format Version 12.00
# Visual Studio Version 16
VisualStudioVersion = 16.0.31025.194
MinimumVisualStudioVersion = 10.0.40219.1
Project("{FAE04EC0-301F-11D3-BF4B-00C04F79EFBC}") = "Vaccinator", "Vaccinator\Vaccinator.csproj", "{4DBC97AE-6827-46CE-A578-0D017ADBDC8A}"
EndProject
Global
	GlobalSection(SolutionConfigurationPlatforms) = preSolution
		Debug|Any CPU = Debug|Any CPU
		Release|Any CPU = Release|Any CPU
	EndGlobalSection
	GlobalSection(ProjectConfigurationPlatforms) = postSolution
		{4DBC97AE-6827-46CE-A578-0D017ADBDC8A}.Debug|Any CPU.ActiveCfg = Debug|Any CPU
		{4DBC97AE-6827-46CE-A578-0D017ADBDC8A}.Debug|Any CPU.Build.0 = Debug|Any CPU
		{4DBC97AE-6827-46CE-A578-0D017ADBDC8A}.Release|Any CPU.ActiveCfg = Release|Any CPU
		{4DBC97AE-6827-46CE-A578-0D017ADBDC8A}.Release|Any CPU.Build.0 = Release|Any CPU
	EndGlobalSection
	GlobalSection(SolutionProperties) = preSolution
		HideSolutionNode = FALSE
	EndGlobalSection
	GlobalSection(ExtensibilityGlobals) = postSolution
		SolutionGuid = {E88D975B-7C2A-49DD-9403-C132D2B82BC9}
	EndGlobalSection
EndGlobal
